// !$*UTF8*$!
{
	archiveVersion = 1;
	classes = {
	};
	objectVersion = 46;
	objects = {

/* Begin PBXBuildFile section */
		43AD7C9B9A7929D714EC80C0 /* Pods_Parklands_Flashmob.framework in Frameworks */ = {isa = PBXBuildFile; fileRef = 6C2FA50A34ED8D7E3B61960A /* Pods_Parklands_Flashmob.framework */; };
		64C2CD3F1E894AC900BC4D64 /* UIPost.swift in Sources */ = {isa = PBXBuildFile; fileRef = 64C2CD3E1E894AC900BC4D64 /* UIPost.swift */; };
		D43879E91E5B227100494D86 /* AppDelegate.swift in Sources */ = {isa = PBXBuildFile; fileRef = D43879E81E5B227100494D86 /* AppDelegate.swift */; };
		D43879EB1E5B227100494D86 /* ViewController.swift in Sources */ = {isa = PBXBuildFile; fileRef = D43879EA1E5B227100494D86 /* ViewController.swift */; };
		D43879EE1E5B227100494D86 /* Main.storyboard in Resources */ = {isa = PBXBuildFile; fileRef = D43879EC1E5B227100494D86 /* Main.storyboard */; };
		D43879F01E5B227100494D86 /* Assets.xcassets in Resources */ = {isa = PBXBuildFile; fileRef = D43879EF1E5B227100494D86 /* Assets.xcassets */; };
		D43879F31E5B227100494D86 /* LaunchScreen.storyboard in Resources */ = {isa = PBXBuildFile; fileRef = D43879F11E5B227100494D86 /* LaunchScreen.storyboard */; };
/* End PBXBuildFile section */

/* Begin PBXFileReference section */
		5990BEAA6D9C371CC0E80988 /* Pods-Parklands Flashmob.debug.xcconfig */ = {isa = PBXFileReference; includeInIndex = 1; lastKnownFileType = text.xcconfig; name = "Pods-Parklands Flashmob.debug.xcconfig"; path = "Pods/Target Support Files/Pods-Parklands Flashmob/Pods-Parklands Flashmob.debug.xcconfig"; sourceTree = "<group>"; };
		64C2CD3E1E894AC900BC4D64 /* UIPost.swift */ = {isa = PBXFileReference; fileEncoding = 4; lastKnownFileType = sourcecode.swift; path = UIPost.swift; sourceTree = "<group>"; };
		6C2FA50A34ED8D7E3B61960A /* Pods_Parklands_Flashmob.framework */ = {isa = PBXFileReference; explicitFileType = wrapper.framework; includeInIndex = 0; path = Pods_Parklands_Flashmob.framework; sourceTree = BUILT_PRODUCTS_DIR; };
		D43879E51E5B227100494D86 /* Parklands Flashmob.app */ = {isa = PBXFileReference; explicitFileType = wrapper.application; includeInIndex = 0; path = "Parklands Flashmob.app"; sourceTree = BUILT_PRODUCTS_DIR; };
		D43879E81E5B227100494D86 /* AppDelegate.swift */ = {isa = PBXFileReference; lastKnownFileType = sourcecode.swift; path = AppDelegate.swift; sourceTree = "<group>"; };
		D43879EA1E5B227100494D86 /* ViewController.swift */ = {isa = PBXFileReference; lastKnownFileType = sourcecode.swift; path = ViewController.swift; sourceTree = "<group>"; };
		D43879ED1E5B227100494D86 /* Base */ = {isa = PBXFileReference; lastKnownFileType = file.storyboard; name = Base; path = Base.lproj/Main.storyboard; sourceTree = "<group>"; };
		D43879EF1E5B227100494D86 /* Assets.xcassets */ = {isa = PBXFileReference; lastKnownFileType = folder.assetcatalog; path = Assets.xcassets; sourceTree = "<group>"; };
		D43879F21E5B227100494D86 /* Base */ = {isa = PBXFileReference; lastKnownFileType = file.storyboard; name = Base; path = Base.lproj/LaunchScreen.storyboard; sourceTree = "<group>"; };
		D43879F41E5B227100494D86 /* Info.plist */ = {isa = PBXFileReference; lastKnownFileType = text.plist.xml; path = Info.plist; sourceTree = "<group>"; };
		F374C949E1773EBD5C049E83 /* Pods-Parklands Flashmob.release.xcconfig */ = {isa = PBXFileReference; includeInIndex = 1; lastKnownFileType = text.xcconfig; name = "Pods-Parklands Flashmob.release.xcconfig"; path = "Pods/Target Support Files/Pods-Parklands Flashmob/Pods-Parklands Flashmob.release.xcconfig"; sourceTree = "<group>"; };
/* End PBXFileReference section */

/* Begin PBXFrameworksBuildPhase section */
		D43879E21E5B227100494D86 /* Frameworks */ = {
			isa = PBXFrameworksBuildPhase;
			buildActionMask = 2147483647;
			files = (
				43AD7C9B9A7929D714EC80C0 /* Pods_Parklands_Flashmob.framework in Frameworks */,
			);
			runOnlyForDeploymentPostprocessing = 0;
		};
/* End PBXFrameworksBuildPhase section */

/* Begin PBXGroup section */
		2201753AD5A2F95E94994D1A /* Frameworks */ = {
			isa = PBXGroup;
			children = (
				6C2FA50A34ED8D7E3B61960A /* Pods_Parklands_Flashmob.framework */,
			);
			name = Frameworks;
			sourceTree = "<group>";
		};
		CF6F3D23DA3BB826E6B73118 /* Pods */ = {
			isa = PBXGroup;
			children = (
				5990BEAA6D9C371CC0E80988 /* Pods-Parklands Flashmob.debug.xcconfig */,
				F374C949E1773EBD5C049E83 /* Pods-Parklands Flashmob.release.xcconfig */,
			);
			name = Pods;
			sourceTree = "<group>";
		};
		D43879DC1E5B227100494D86 = {
			isa = PBXGroup;
			children = (
				D43879E71E5B227100494D86 /* Parklands Flashmob */,
				D43879E61E5B227100494D86 /* Products */,
				CF6F3D23DA3BB826E6B73118 /* Pods */,
				2201753AD5A2F95E94994D1A /* Frameworks */,
			);
			sourceTree = "<group>";
		};
		D43879E61E5B227100494D86 /* Products */ = {
			isa = PBXGroup;
			children = (
				D43879E51E5B227100494D86 /* Parklands Flashmob.app */,
			);
			name = Products;
			sourceTree = "<group>";
		};
		D43879E71E5B227100494D86 /* Parklands Flashmob */ = {
			isa = PBXGroup;
			children = (
				D43879E81E5B227100494D86 /* AppDelegate.swift */,
				D43879EA1E5B227100494D86 /* ViewController.swift */,
				D43879EC1E5B227100494D86 /* Main.storyboard */,
				D43879EF1E5B227100494D86 /* Assets.xcassets */,
				D43879F11E5B227100494D86 /* LaunchScreen.storyboard */,
				D43879F41E5B227100494D86 /* Info.plist */,
				64C2CD3E1E894AC900BC4D64 /* UIPost.swift */,
			);
			path = "Parklands Flashmob";
			sourceTree = "<group>";
		};
/* End PBXGroup section */

/* Begin PBXNativeTarget section */
		D43879E41E5B227100494D86 /* Parklands Flashmob */ = {
			isa = PBXNativeTarget;
			buildConfigurationList = D43879F71E5B227100494D86 /* Build configuration list for PBXNativeTarget "Parklands Flashmob" */;
			buildPhases = (
				7E433AF91C00AA3D08E701DB /* [CP] Check Pods Manifest.lock */,
				D43879E11E5B227100494D86 /* Sources */,
				D43879E21E5B227100494D86 /* Frameworks */,
				D43879E31E5B227100494D86 /* Resources */,
				E68100F1C20ADA823C055049 /* [CP] Embed Pods Frameworks */,
				33CDF25F3C2CE0FC3FE22988 /* [CP] Copy Pods Resources */,
			);
			buildRules = (
			);
			dependencies = (
			);
			name = "Parklands Flashmob";
			productName = "Parklands Flashmob";
			productReference = D43879E51E5B227100494D86 /* Parklands Flashmob.app */;
			productType = "com.apple.product-type.application";
		};
/* End PBXNativeTarget section */

/* Begin PBXProject section */
		D43879DD1E5B227100494D86 /* Project object */ = {
			isa = PBXProject;
			attributes = {
				LastSwiftUpdateCheck = 0810;
				LastUpgradeCheck = 0810;
				ORGANIZATIONNAME = "Stephan Cilliers";
				TargetAttributes = {
					D43879E41E5B227100494D86 = {
						CreatedOnToolsVersion = 8.1;
						DevelopmentTeam = RX8VB86N8V;
						ProvisioningStyle = Automatic;
					};
				};
			};
			buildConfigurationList = D43879E01E5B227100494D86 /* Build configuration list for PBXProject "Parklands Flashmob" */;
			compatibilityVersion = "Xcode 3.2";
			developmentRegion = English;
			hasScannedForEncodings = 0;
			knownRegions = (
				en,
				Base,
			);
			mainGroup = D43879DC1E5B227100494D86;
			productRefGroup = D43879E61E5B227100494D86 /* Products */;
			projectDirPath = "";
			projectRoot = "";
			targets = (
				D43879E41E5B227100494D86 /* Parklands Flashmob */,
			);
		};
/* End PBXProject section */

/* Begin PBXResourcesBuildPhase section */
		D43879E31E5B227100494D86 /* Resources */ = {
			isa = PBXResourcesBuildPhase;
			buildActionMask = 2147483647;
			files = (
				D43879F31E5B227100494D86 /* LaunchScreen.storyboard in Resources */,
				D43879F01E5B227100494D86 /* Assets.xcassets in Resources */,
				D43879EE1E5B227100494D86 /* Main.storyboard in Resources */,
			);
			runOnlyForDeploymentPostprocessing = 0;
		};
/* End PBXResourcesBuildPhase section */

/* Begin PBXShellScriptBuildPhase section */
		33CDF25F3C2CE0FC3FE22988 /* [CP] Copy Pods Resources */ = {
			isa = PBXShellScriptBuildPhase;
			buildActionMask = 2147483647;
			files = (
			);
			inputPaths = (
			);
			name = "[CP] Copy Pods Resources";
			outputPaths = (
			);
			runOnlyForDeploymentPostprocessing = 0;
			shellPath = /bin/sh;
			shellScript = "\"${SRCROOT}/Pods/Target Support Files/Pods-Parklands Flashmob/Pods-Parklands Flashmob-resources.sh\"\n";
			showEnvVarsInLog = 0;
		};
		7E433AF91C00AA3D08E701DB /* [CP] Check Pods Manifest.lock */ = {
			isa = PBXShellScriptBuildPhase;
			buildActionMask = 2147483647;
			files = (
			);
			inputPaths = (
			);
			name = "[CP] Check Pods Manifest.lock";
			outputPaths = (
			);
			runOnlyForDeploymentPostprocessing = 0;
			shellPath = /bin/sh;
			shellScript = "diff \"${PODS_ROOT}/../Podfile.lock\" \"${PODS_ROOT}/Manifest.lock\" > /dev/null\nif [ $? != 0 ] ; then\n    # print error to STDERR\n    echo \"error: The sandbox is not in sync with the Podfile.lock. Run 'pod install' or update your CocoaPods installation.\" >&2\n    exit 1\nfi\n";
			showEnvVarsInLog = 0;
		};
		E68100F1C20ADA823C055049 /* [CP] Embed Pods Frameworks */ = {
			isa = PBXShellScriptBuildPhase;
			buildActionMask = 2147483647;
			files = (
			);
			inputPaths = (
			);
			name = "[CP] Embed Pods Frameworks";
			outputPaths = (
			);
			runOnlyForDeploymentPostprocessing = 0;
			shellPath = /bin/sh;
			shellScript = "\"${SRCROOT}/Pods/Target Support Files/Pods-Parklands Flashmob/Pods-Parklands Flashmob-frameworks.sh\"\n";
			showEnvVarsInLog = 0;
		};
/* End PBXShellScriptBuildPhase section */

/* Begin PBXSourcesBuildPhase section */
		D43879E11E5B227100494D86 /* Sources */ = {
			isa = PBXSourcesBuildPhase;
			buildActionMask = 2147483647;
			files = (
				D43879EB1E5B227100494D86 /* ViewController.swift in Sources */,
				64C2CD3F1E894AC900BC4D64 /* UIPost.swift in Sources */,
				D43879E91E5B227100494D86 /* AppDelegate.swift in Sources */,
			);
			runOnlyForDeploymentPostprocessing = 0;
		};
/* End PBXSourcesBuildPhase section */

/* Begin PBXVariantGroup section */
		D43879EC1E5B227100494D86 /* Main.storyboard */ = {
			isa = PBXVariantGroup;
			children = (
				D43879ED1E5B227100494D86 /* Base */,
			);
			name = Main.storyboard;
			sourceTree = "<group>";
		};
		D43879F11E5B227100494D86 /* LaunchScreen.storyboard */ = {
			isa = PBXVariantGroup;
			children = (
				D43879F21E5B227100494D86 /* Base */,
			);
			name = LaunchScreen.storyboard;
			sourceTree = "<group>";
		};
/* End PBXVariantGroup section */

/* Begin XCBuildConfiguration section */
		D43879F51E5B227100494D86 /* Debug */ = {
			isa = XCBuildConfiguration;
			buildSettings = {
				ALWAYS_SEARCH_USER_PATHS = NO;
				CLANG_ANALYZER_NONNULL = YES;
				CLANG_CXX_LANGUAGE_STANDARD = "gnu++0x";
				CLANG_CXX_LIBRARY = "libc++";
				CLANG_ENABLE_MODULES = YES;
				CLANG_ENABLE_OBJC_ARC = YES;
				CLANG_WARN_BOOL_CONVERSION = YES;
				CLANG_WARN_CONSTANT_CONVERSION = YES;
				CLANG_WARN_DIRECT_OBJC_ISA_USAGE = YES_ERROR;
				CLANG_WARN_DOCUMENTATION_COMMENTS = YES;
				CLANG_WARN_EMPTY_BODY = YES;
				CLANG_WARN_ENUM_CONVERSION = YES;
				CLANG_WARN_INFINITE_RECURSION = YES;
				CLANG_WARN_INT_CONVERSION = YES;
				CLANG_WARN_OBJC_ROOT_CLASS = YES_ERROR;
				CLANG_WARN_SUSPICIOUS_MOVE = YES;
				CLANG_WARN_SUSPICIOUS_MOVES = YES;
				CLANG_WARN_UNREACHABLE_CODE = YES;
				CLANG_WARN__DUPLICATE_METHOD_MATCH = YES;
				"CODE_SIGN_IDENTITY[sdk=iphoneos*]" = "iPhone Developer";
				COPY_PHASE_STRIP = NO;
				DEBUG_INFORMATION_FORMAT = dwarf;
				ENABLE_STRICT_OBJC_MSGSEND = YES;
				ENABLE_TESTABILITY = YES;
				GCC_C_LANGUAGE_STANDARD = gnu99;
				GCC_DYNAMIC_NO_PIC = NO;
				GCC_NO_COMMON_BLOCKS = YES;
				GCC_OPTIMIZATION_LEVEL = 0;
				GCC_PREPROCESSOR_DEFINITIONS = (
					"DEBUG=1",
					"$(inherited)",
				);
				GCC_WARN_64_TO_32_BIT_CONVERSION = YES;
				GCC_WARN_ABOUT_RETURN_TYPE = YES_ERROR;
				GCC_WARN_UNDECLARED_SELECTOR = YES;
				GCC_WARN_UNINITIALIZED_AUTOS = YES_AGGRESSIVE;
				GCC_WARN_UNUSED_FUNCTION = YES;
				GCC_WARN_UNUSED_VARIABLE = YES;
				IPHONEOS_DEPLOYMENT_TARGET = 10.1;
				MTL_ENABLE_DEBUG_INFO = YES;
				ONLY_ACTIVE_ARCH = YES;
				SDKROOT = iphoneos;
				SWIFT_ACTIVE_COMPILATION_CONDITIONS = DEBUG;
				SWIFT_OPTIMIZATION_LEVEL = "-Onone";
				TARGETED_DEVICE_FAMILY = "1,2";
			};
			name = Debug;
		};
		D43879F61E5B227100494D86 /* Release */ = {
			isa = XCBuildConfiguration;
			buildSettings = {
				ALWAYS_SEARCH_USER_PATHS = NO;
				CLANG_ANALYZER_NONNULL = YES;
				CLANG_CXX_LANGUAGE_STANDARD = "gnu++0x";
				CLANG_CXX_LIBRARY = "libc++";
				CLANG_ENABLE_MODULES = YES;
				CLANG_ENABLE_OBJC_ARC = YES;
				CLANG_WARN_BOOL_CONVERSION = YES;
				CLANG_WARN_CONSTANT_CONVERSION = YES;
				CLANG_WARN_DIRECT_OBJC_ISA_USAGE = YES_ERROR;
				CLANG_WARN_DOCUMENTATION_COMMENTS = YES;
				CLANG_WARN_EMPTY_BODY = YES;
				CLANG_WARN_ENUM_CONVERSION = YES;
				CLANG_WARN_INFINITE_RECURSION = YES;
				CLANG_WARN_INT_CONVERSION = YES;
				CLANG_WARN_OBJC_ROOT_CLASS = YES_ERROR;
				CLANG_WARN_SUSPICIOUS_MOVE = YES;
				CLANG_WARN_SUSPICIOUS_MOVES = YES;
				CLANG_WARN_UNREACHABLE_CODE = YES;
				CLANG_WARN__DUPLICATE_METHOD_MATCH = YES;
				"CODE_SIGN_IDENTITY[sdk=iphoneos*]" = "iPhone Developer";
				COPY_PHASE_STRIP = NO;
				DEBUG_INFORMATION_FORMAT = "dwarf-with-dsym";
				ENABLE_NS_ASSERTIONS = NO;
				ENABLE_STRICT_OBJC_MSGSEND = YES;
				GCC_C_LANGUAGE_STANDARD = gnu99;
				GCC_NO_COMMON_BLOCKS = YES;
				GCC_WARN_64_TO_32_BIT_CONVERSION = YES;
				GCC_WARN_ABOUT_RETURN_TYPE = YES_ERROR;
				GCC_WARN_UNDECLARED_SELECTOR = YES;
				GCC_WARN_UNINITIALIZED_AUTOS = YES_AGGRESSIVE;
				GCC_WARN_UNUSED_FUNCTION = YES;
				GCC_WARN_UNUSED_VARIABLE = YES;
				IPHONEOS_DEPLOYMENT_TARGET = 10.1;
				MTL_ENABLE_DEBUG_INFO = NO;
				SDKROOT = iphoneos;
				SWIFT_OPTIMIZATION_LEVEL = "-Owholemodule";
				TARGETED_DEVICE_FAMILY = "1,2";
				VALIDATE_PRODUCT = YES;
			};
			name = Release;
		};
		D43879F81E5B227100494D86 /* Debug */ = {
			isa = XCBuildConfiguration;
			baseConfigurationReference = 5990BEAA6D9C371CC0E80988 /* Pods-Parklands Flashmob.debug.xcconfig */;
			buildSettings = {
				ALWAYS_EMBED_SWIFT_STANDARD_LIBRARIES = YES;
				ASSETCATALOG_COMPILER_APPICON_NAME = AppIcon;
				DEVELOPMENT_TEAM = RX8VB86N8V;
				INFOPLIST_FILE = "Parklands Flashmob/Info.plist";
				LD_RUNPATH_SEARCH_PATHS = "$(inherited) @executable_path/Frameworks";
				PRODUCT_BUNDLE_IDENTIFIER = "parklands.co.za.Parklands-Flashmob";
				PRODUCT_NAME = "$(TARGET_NAME)";
				SWIFT_VERSION = 3.0;
			};
			name = Debug;
		};
		D43879F91E5B227100494D86 /* Release */ = {
			isa = XCBuildConfiguration;
			baseConfigurationReference = F374C949E1773EBD5C049E83 /* Pods-Parklands Flashmob.release.xcconfig */;
			buildSettings = {
				ALWAYS_EMBED_SWIFT_STANDARD_LIBRARIES = YES;
				ASSETCATALOG_COMPILER_APPICON_NAME = AppIcon;
				DEVELOPMENT_TEAM = RX8VB86N8V;
				INFOPLIST_FILE = "Parklands Flashmob/Info.plist";
				LD_RUNPATH_SEARCH_PATHS = "$(inherited) @executable_path/Frameworks";
				PRODUCT_BUNDLE_IDENTIFIER = "parklands.co.za.Parklands-Flashmob";
				PRODUCT_NAME = "$(TARGET_NAME)";
				SWIFT_VERSION = 3.0;
			};
			name = Release;
		};
/* End XCBuildConfiguration section */

/* Begin XCConfigurationList section */
		D43879E01E5B227100494D86 /* Build configuration list for PBXProject "Parklands Flashmob" */ = {
			isa = XCConfigurationList;
			buildConfigurations = (
				D43879F51E5B227100494D86 /* Debug */,
				D43879F61E5B227100494D86 /* Release */,
			);
			defaultConfigurationIsVisible = 0;
			defaultConfigurationName = Release;
		};
		D43879F71E5B227100494D86 /* Build configuration list for PBXNativeTarget "Parklands Flashmob" */ = {
			isa = XCConfigurationList;
			buildConfigurations = (
				D43879F81E5B227100494D86 /* Debug */,
				D43879F91E5B227100494D86 /* Release */,
			);
			defaultConfigurationIsVisible = 0;
			defaultConfigurationName = Release;
		};
/* End XCConfigurationList section */
	};
	rootObject = D43879DD1E5B227100494D86 /* Project object */;
}
